
Microsoft Visual Studio Solution File, Format Version 12.00
# Visual Studio Version 16
VisualStudioVersion = 16.0.28803.352
MinimumVisualStudioVersion = 10.0.40219.1
Project("{FAE04EC0-301F-11D3-BF4B-00C04F79EFBC}") = "TimerExample", "TimerExample.csproj", "{2CB5E2D0-1EDD-4F77-8D43-D81ACB08D1B0}"
EndProject
Global
	GlobalSection(SolutionConfigurationPlatforms) = preSolution
		Debug|Any CPU = Debug|Any CPU
		Release|Any CPU = Release|Any CPU
	EndGlobalSection
	GlobalSection(ProjectConfigurationPlatforms) = postSolution
		{2CB5E2D0-1EDD-4F77-8D43-D81ACB08D1B0}.Debug|Any CPU.ActiveCfg = Debug|Any CPU
		{2CB5E2D0-1EDD-4F77-8D43-D81ACB08D1B0}.Debug|Any CPU.Build.0 = Debug|Any CPU
		{2CB5E2D0-1EDD-4F77-8D43-D81ACB08D1B0}.Release|Any CPU.ActiveCfg = Release|Any CPU
		{2CB5E2D0-1EDD-4F77-8D43-D81ACB08D1B0}.Release|Any CPU.Build.0 = Release|Any CPU
	EndGlobalSection
	GlobalSection(SolutionProperties) = preSolution
		HideSolutionNode = FALSE
	EndGlobalSection
	GlobalSection(ExtensibilityGlobals) = postSolution
		SolutionGuid = {328BDF77-50AE-4487-9670-C57968BFD61E}
	EndGlobalSection
EndGlobal
