
Microsoft Visual Studio Solution File, Format Version 12.00
# Visual Studio Version 16
VisualStudioVersion = 16.0.28803.352
MinimumVisualStudioVersion = 10.0.40219.1
Project("{FAE04EC0-301F-11D3-BF4B-00C04F79EFBC}") = "6RansomLetter", "6RansomLetter.csproj", "{AF328012-1DA9-405C-949B-CA9D77EEBFA4}"
EndProject
Global
	GlobalSection(SolutionConfigurationPlatforms) = preSolution
		Debug|Any CPU = Debug|Any CPU
		Release|Any CPU = Release|Any CPU
	EndGlobalSection
	GlobalSection(ProjectConfigurationPlatforms) = postSolution
		{AF328012-1DA9-405C-949B-CA9D77EEBFA4}.Debug|Any CPU.ActiveCfg = Debug|Any CPU
		{AF328012-1DA9-405C-949B-CA9D77EEBFA4}.Debug|Any CPU.Build.0 = Debug|Any CPU
		{AF328012-1DA9-405C-949B-CA9D77EEBFA4}.Release|Any CPU.ActiveCfg = Release|Any CPU
		{AF328012-1DA9-405C-949B-CA9D77EEBFA4}.Release|Any CPU.Build.0 = Release|Any CPU
	EndGlobalSection
	GlobalSection(SolutionProperties) = preSolution
		HideSolutionNode = FALSE
	EndGlobalSection
	GlobalSection(ExtensibilityGlobals) = postSolution
		SolutionGuid = {44AF6D8A-52CB-4170-85DF-EE522C95C4E6}
	EndGlobalSection
EndGlobal
