
Microsoft Visual Studio Solution File, Format Version 12.00
# Visual Studio Version 16
VisualStudioVersion = 16.0.28803.352
MinimumVisualStudioVersion = 10.0.40219.1
Project("{FAE04EC0-301F-11D3-BF4B-00C04F79EFBC}") = "ConsoleApplication2", "ConsoleApplication2.csproj", "{33A69090-9C7B-44B4-BC1F-9151CA940231}"
EndProject
Global
	GlobalSection(SolutionConfigurationPlatforms) = preSolution
		Debug|Any CPU = Debug|Any CPU
		Release|Any CPU = Release|Any CPU
	EndGlobalSection
	GlobalSection(ProjectConfigurationPlatforms) = postSolution
		{33A69090-9C7B-44B4-BC1F-9151CA940231}.Debug|Any CPU.ActiveCfg = Debug|Any CPU
		{33A69090-9C7B-44B4-BC1F-9151CA940231}.Debug|Any CPU.Build.0 = Debug|Any CPU
		{33A69090-9C7B-44B4-BC1F-9151CA940231}.Release|Any CPU.ActiveCfg = Release|Any CPU
		{33A69090-9C7B-44B4-BC1F-9151CA940231}.Release|Any CPU.Build.0 = Release|Any CPU
	EndGlobalSection
	GlobalSection(SolutionProperties) = preSolution
		HideSolutionNode = FALSE
	EndGlobalSection
	GlobalSection(ExtensibilityGlobals) = postSolution
		SolutionGuid = {D671D7FD-6B8D-458E-929A-12B1AC15F73B}
	EndGlobalSection
EndGlobal
